
Microsoft Visual Studio Solution File, Format Version 12.00
# Visual Studio Version 17
VisualStudioVersion = 17.9.34728.123
MinimumVisualStudioVersion = 10.0.40219.1
Project("{8BC9CEB8-8B4A-11D0-8D11-00A0C91BC942}") = "猜数字", "猜数字\猜数字.vcxproj", "{0094A7AC-2B60-4663-A9F7-17E32A0F7529}"
EndProject
Global
	GlobalSection(SolutionConfigurationPlatforms) = preSolution
		Debug|x64 = Debug|x64
		Debug|x86 = Debug|x86
		Release|x64 = Release|x64
		Release|x86 = Release|x86
	EndGlobalSection
	GlobalSection(ProjectConfigurationPlatforms) = postSolution
		{0094A7AC-2B60-4663-A9F7-17E32A0F7529}.Debug|x64.ActiveCfg = Debug|x64
		{0094A7AC-2B60-4663-A9F7-17E32A0F7529}.Debug|x64.Build.0 = Debug|x64
		{0094A7AC-2B60-4663-A9F7-17E32A0F7529}.Debug|x86.ActiveCfg = Debug|Win32
		{0094A7AC-2B60-4663-A9F7-17E32A0F7529}.Debug|x86.Build.0 = Debug|Win32
		{0094A7AC-2B60-4663-A9F7-17E32A0F7529}.Release|x64.ActiveCfg = Release|x64
		{0094A7AC-2B60-4663-A9F7-17E32A0F7529}.Release|x64.Build.0 = Release|x64
		{0094A7AC-2B60-4663-A9F7-17E32A0F7529}.Release|x86.ActiveCfg = Release|Win32
		{0094A7AC-2B60-4663-A9F7-17E32A0F7529}.Release|x86.Build.0 = Release|Win32
	EndGlobalSection
	GlobalSection(SolutionProperties) = preSolution
		HideSolutionNode = FALSE
	EndGlobalSection
	GlobalSection(ExtensibilityGlobals) = postSolution
		SolutionGuid = {CB312D5D-5BEF-4469-AFD4-30876C89E8B3}
	EndGlobalSection
EndGlobal
